
Microsoft Visual Studio Solution File, Format Version 12.00
# Visual Studio Version 17
VisualStudioVersion = 17.2.32505.173
MinimumVisualStudioVersion = 10.0.40219.1
Project("{FAE04EC0-301F-11D3-BF4B-00C04F79EFBC}") = "pokedex nacional", "pokedex nacional\pokedex nacional.csproj", "{809F2526-57A7-4B62-95CE-CCE7A18DACB7}"
EndProject
Global
	GlobalSection(SolutionConfigurationPlatforms) = preSolution
		Debug|Any CPU = Debug|Any CPU
		Release|Any CPU = Release|Any CPU
	EndGlobalSection
	GlobalSection(ProjectConfigurationPlatforms) = postSolution
		{809F2526-57A7-4B62-95CE-CCE7A18DACB7}.Debug|Any CPU.ActiveCfg = Debug|Any CPU
		{809F2526-57A7-4B62-95CE-CCE7A18DACB7}.Debug|Any CPU.Build.0 = Debug|Any CPU
		{809F2526-57A7-4B62-95CE-CCE7A18DACB7}.Release|Any CPU.ActiveCfg = Release|Any CPU
		{809F2526-57A7-4B62-95CE-CCE7A18DACB7}.Release|Any CPU.Build.0 = Release|Any CPU
	EndGlobalSection
	GlobalSection(SolutionProperties) = preSolution
		HideSolutionNode = FALSE
	EndGlobalSection
	GlobalSection(ExtensibilityGlobals) = postSolution
		SolutionGuid = {384840A7-9742-4009-AC04-8349CF8F42A6}
	EndGlobalSection
EndGlobal
